{
  "name": "mme",
  "lockfileVersion": 2,
  "requires": true,
  "packages": {
    "": {
      "dependencies": {
        "cohere-ai": "^6.1.0"
      }
    },
    "node_modules/cohere-ai": {
      "version": "6.1.0",
      "resolved": "https://registry.npmjs.org/cohere-ai/-/cohere-ai-6.1.0.tgz",
      "integrity": "sha512-1hx13cEB0QqxkW213JhAOw8Q2jzCeo6GUFSQ5lsOQPNtDFhSZZusTD/+DcAvd8IVw2y/Cm+pfK3tofPngVG3BA=="
    }
  },
  "dependencies": {
    "cohere-ai": {
      "version": "6.1.0",
      "resolved": "https://registry.npmjs.org/cohere-ai/-/cohere-ai-6.1.0.tgz",
      "integrity": "sha512-1hx13cEB0QqxkW213JhAOw8Q2jzCeo6GUFSQ5lsOQPNtDFhSZZusTD/+DcAvd8IVw2y/Cm+pfK3tofPngVG3BA=="
    }
  }
}
